
Microsoft Visual Studio Solution File, Format Version 12.00
Project("{FAE04EC0-301F-11D3-BF4B-00C04F79EFBC}") = "RestApi", "RestApi\RestApi.csproj", "{ADBDA0CF-37A2-48C0-805C-860123843D4C}"
EndProject
Global
	GlobalSection(SolutionConfigurationPlatforms) = preSolution
		Debug|Any CPU = Debug|Any CPU
		Release|Any CPU = Release|Any CPU
	EndGlobalSection
	GlobalSection(ProjectConfigurationPlatforms) = postSolution
		{ADBDA0CF-37A2-48C0-805C-860123843D4C}.Debug|Any CPU.ActiveCfg = Debug|Any CPU
		{ADBDA0CF-37A2-48C0-805C-860123843D4C}.Debug|Any CPU.Build.0 = Debug|Any CPU
		{ADBDA0CF-37A2-48C0-805C-860123843D4C}.Release|Any CPU.ActiveCfg = Release|Any CPU
		{ADBDA0CF-37A2-48C0-805C-860123843D4C}.Release|Any CPU.Build.0 = Release|Any CPU
	EndGlobalSection
EndGlobal
